// !$*UTF8*$!
{
	archiveVersion = 1;
	classes = {
	};
	objectVersion = 56;
	objects = {

/* Begin PBXBuildFile section */
		F1AEF2A8C1458F10B05F20FE /* AppRouter.swift in Sources */ = {isa = PBXBuildFile; fileRef = 71D16D33D76601EDF4888D80 /* AppRouter.swift */; };
		85C37666E509CE50C8E6CADC /* KoraTimeApp.swift in Sources */ = {isa = PBXBuildFile; fileRef = 8E6B4F450EF6B320AFF86509 /* KoraTimeApp.swift */; };
		0296D6265A8D6DDF86F89B02 /* RootView.swift in Sources */ = {isa = PBXBuildFile; fileRef = 8FBCE4530857033813E833BB /* RootView.swift */; };
		0FBAFA5AE3E2A1115C1B25FD /* AppSettings.swift in Sources */ = {isa = PBXBuildFile; fileRef = 62C49EB32BCDCEBBBF16BA6F /* AppSettings.swift */; };
		F57038D2095AA056D351D2EA /* ArabicNames.swift in Sources */ = {isa = PBXBuildFile; fileRef = 642BDADDC7EDFBDD72A4EB86 /* ArabicNames.swift */; };
		B5D41A96EB346AE43DBFB77E /* Catalog.swift in Sources */ = {isa = PBXBuildFile; fileRef = 8A9DB2B86C9CFEEF7E28DA7B /* Catalog.swift */; };
		6535AC10855F96CBB2B0E65D /* HTTPClient.swift in Sources */ = {isa = PBXBuildFile; fileRef = 5CB63D193666445ABC79BF49 /* HTTPClient.swift */; };
		A3F9626F9C394D8BDA6C8D49 /* KTDate.swift in Sources */ = {isa = PBXBuildFile; fileRef = 88039E3104EC2E96D168B55B /* KTDate.swift */; };
		A22618FF703A676B571553AB /* LiveData.swift in Sources */ = {isa = PBXBuildFile; fileRef = 0FA2EAEE99141237C160FF3A /* LiveData.swift */; };
		51D716634B8916230784ED0D /* Localization.swift in Sources */ = {isa = PBXBuildFile; fileRef = BCF1392DBACA61A591A3112B /* Localization.swift */; };
		56BD43A517DC55A33C380195 /* Components.swift in Sources */ = {isa = PBXBuildFile; fileRef = FC7D459968F57A9DF340DDE5 /* Components.swift */; };
		6E9633FB135EC21E30B5AAF3 /* RemoteImage.swift in Sources */ = {isa = PBXBuildFile; fileRef = EB17ACBC9E32ED69D1946D7F /* RemoteImage.swift */; };
		159945DF3FD0CA5DB1ECA6B4 /* Theme.swift in Sources */ = {isa = PBXBuildFile; fileRef = D11A17785FA071C134883B46 /* Theme.swift */; };
		C41F26656863D3A3272BA9C0 /* Broadcasters.swift in Sources */ = {isa = PBXBuildFile; fileRef = E92E1E29BB60BC0949486073 /* Broadcasters.swift */; };
		79792C15C0CBF092AF1368C6 /* Channel.swift in Sources */ = {isa = PBXBuildFile; fileRef = 957B28B110AF0461D2F921B9 /* Channel.swift */; };
		CC7B5CB4856069FB627D5649 /* ChannelsStore.swift in Sources */ = {isa = PBXBuildFile; fileRef = 3CB320B9797D66E1AC6AA7B7 /* ChannelsStore.swift */; };
		1EC5D8B64BA8172275C7B349 /* ChannelsView.swift in Sources */ = {isa = PBXBuildFile; fileRef = 7939996D918B740052F73D78 /* ChannelsView.swift */; };
		F5FDF4BD40804F1BF5CA2193 /* PlayerController.swift in Sources */ = {isa = PBXBuildFile; fileRef = C5934DE7403A14BECDCFF77C /* PlayerController.swift */; };
		844C3FFBA251AFBEAAA26ACE /* RoutePickerButton.swift in Sources */ = {isa = PBXBuildFile; fileRef = 73C8ADFE2346B1A0D3F5775F /* RoutePickerButton.swift */; };
		003C1CC074CE13900DCF7ED3 /* VideoSurface.swift in Sources */ = {isa = PBXBuildFile; fileRef = 5C64A23E288422A723A95FB4 /* VideoSurface.swift */; };
		943C7DA74C2D6C1B90326798 /* ApiFootballProvider.swift in Sources */ = {isa = PBXBuildFile; fileRef = 73C3DD4E0CADD6D0E40DAF1A /* ApiFootballProvider.swift */; };
		514B31F67EBA1A5EFD384BFA /* Match.swift in Sources */ = {isa = PBXBuildFile; fileRef = 6C7019B1ECF26D20A128C7BB /* Match.swift */; };
		C20ECCDE443DF27540855340 /* MatchDetailView.swift in Sources */ = {isa = PBXBuildFile; fileRef = 6AD85485638010C84F5039B0 /* MatchDetailView.swift */; };
		A90758EC42B1AF4D86B31C0E /* MatchRow.swift in Sources */ = {isa = PBXBuildFile; fileRef = FE0AA8A927ED1330F0E70081 /* MatchRow.swift */; };
		B2746566BFD0529E026851E0 /* MatchesProvider.swift in Sources */ = {isa = PBXBuildFile; fileRef = 9DFB5D71BF011E8355B794C8 /* MatchesProvider.swift */; };
		14418EA9B0D8C8EB72587BB7 /* MatchesStore.swift in Sources */ = {isa = PBXBuildFile; fileRef = 2F0ECCDA6E17123AA3AA7979 /* MatchesStore.swift */; };
		C195401E644CFC0C9EB11105 /* MatchesView.swift in Sources */ = {isa = PBXBuildFile; fileRef = 174F43D684A1F326EA49A21D /* MatchesView.swift */; };
		B2B64BE2C737511A120B092E /* NewsItem.swift in Sources */ = {isa = PBXBuildFile; fileRef = 704B3BD62CC74FF3F670807F /* NewsItem.swift */; };
		F124EDA1737A327B7D6142D7 /* NewsStore.swift in Sources */ = {isa = PBXBuildFile; fileRef = FEAB757C335BB4095E0DCEB4 /* NewsStore.swift */; };
		D9DFDEC0967D163E6A1C34FD /* NewsView.swift in Sources */ = {isa = PBXBuildFile; fileRef = 6A6A241E3A630B3E24E5B8D5 /* NewsView.swift */; };
		FCA452D77917C1B88D7F2A8C /* OnboardingView.swift in Sources */ = {isa = PBXBuildFile; fileRef = B68A7FE91934A546401E882F /* OnboardingView.swift */; };
		FA3AFBF372606BF3652E7D25 /* SettingsView.swift in Sources */ = {isa = PBXBuildFile; fileRef = 8FA6D28BB411E6D56C0FB808 /* SettingsView.swift */; };
		6E1ABFAFF0C284919F33CE5B /* UpdateChecker.swift in Sources */ = {isa = PBXBuildFile; fileRef = 3F398CC93255B3FE0CB62110 /* UpdateChecker.swift */; };
		DC5F9C25298464AAA4254664 /* Assets.xcassets in Resources */ = {isa = PBXBuildFile; fileRef = 81366E528FFA180FA0D44044 /* Assets.xcassets */; };
		D060BD9EBF4CF3D3B897707A /* PrivacyInfo.xcprivacy in Resources */ = {isa = PBXBuildFile; fileRef = BD35199A2C5E65212432F125 /* PrivacyInfo.xcprivacy */; };
		46D5BA66FE8BEDA053AABC08 /* ar-names.json in Resources */ = {isa = PBXBuildFile; fileRef = BBC53BC6689ED739F9330A38 /* ar-names.json */; };
		AC7A447BBFDEA8DAD4534BED /* channels.json in Resources */ = {isa = PBXBuildFile; fileRef = F0B40583800F9756A75746FE /* channels.json */; };
/* End PBXBuildFile section */

/* Begin PBXFileReference section */
		38A007151ABE87CC01A5B6E9 /* KoraTime.app */ = {isa = PBXFileReference; explicitFileType = wrapper.application; includeInIndex = 0; path = KoraTime.app; sourceTree = BUILT_PRODUCTS_DIR; };
		667527481B98DAF719062C47 /* Info.plist */ = {isa = PBXFileReference; lastKnownFileType = text.plist.xml; path = "Info.plist"; sourceTree = "<group>"; };
		71D16D33D76601EDF4888D80 /* AppRouter.swift */ = {isa = PBXFileReference; lastKnownFileType = sourcecode.swift; path = "AppRouter.swift"; sourceTree = "<group>"; };
		8E6B4F450EF6B320AFF86509 /* KoraTimeApp.swift */ = {isa = PBXFileReference; lastKnownFileType = sourcecode.swift; path = "KoraTimeApp.swift"; sourceTree = "<group>"; };
		8FBCE4530857033813E833BB /* RootView.swift */ = {isa = PBXFileReference; lastKnownFileType = sourcecode.swift; path = "RootView.swift"; sourceTree = "<group>"; };
		62C49EB32BCDCEBBBF16BA6F /* AppSettings.swift */ = {isa = PBXFileReference; lastKnownFileType = sourcecode.swift; path = "AppSettings.swift"; sourceTree = "<group>"; };
		642BDADDC7EDFBDD72A4EB86 /* ArabicNames.swift */ = {isa = PBXFileReference; lastKnownFileType = sourcecode.swift; path = "ArabicNames.swift"; sourceTree = "<group>"; };
		8A9DB2B86C9CFEEF7E28DA7B /* Catalog.swift */ = {isa = PBXFileReference; lastKnownFileType = sourcecode.swift; path = "Catalog.swift"; sourceTree = "<group>"; };
		5CB63D193666445ABC79BF49 /* HTTPClient.swift */ = {isa = PBXFileReference; lastKnownFileType = sourcecode.swift; path = "HTTPClient.swift"; sourceTree = "<group>"; };
		88039E3104EC2E96D168B55B /* KTDate.swift */ = {isa = PBXFileReference; lastKnownFileType = sourcecode.swift; path = "KTDate.swift"; sourceTree = "<group>"; };
		0FA2EAEE99141237C160FF3A /* LiveData.swift */ = {isa = PBXFileReference; lastKnownFileType = sourcecode.swift; path = "LiveData.swift"; sourceTree = "<group>"; };
		BCF1392DBACA61A591A3112B /* Localization.swift */ = {isa = PBXFileReference; lastKnownFileType = sourcecode.swift; path = "Localization.swift"; sourceTree = "<group>"; };
		FC7D459968F57A9DF340DDE5 /* Components.swift */ = {isa = PBXFileReference; lastKnownFileType = sourcecode.swift; path = "Components.swift"; sourceTree = "<group>"; };
		EB17ACBC9E32ED69D1946D7F /* RemoteImage.swift */ = {isa = PBXFileReference; lastKnownFileType = sourcecode.swift; path = "RemoteImage.swift"; sourceTree = "<group>"; };
		D11A17785FA071C134883B46 /* Theme.swift */ = {isa = PBXFileReference; lastKnownFileType = sourcecode.swift; path = "Theme.swift"; sourceTree = "<group>"; };
		E92E1E29BB60BC0949486073 /* Broadcasters.swift */ = {isa = PBXFileReference; lastKnownFileType = sourcecode.swift; path = "Broadcasters.swift"; sourceTree = "<group>"; };
		957B28B110AF0461D2F921B9 /* Channel.swift */ = {isa = PBXFileReference; lastKnownFileType = sourcecode.swift; path = "Channel.swift"; sourceTree = "<group>"; };
		3CB320B9797D66E1AC6AA7B7 /* ChannelsStore.swift */ = {isa = PBXFileReference; lastKnownFileType = sourcecode.swift; path = "ChannelsStore.swift"; sourceTree = "<group>"; };
		7939996D918B740052F73D78 /* ChannelsView.swift */ = {isa = PBXFileReference; lastKnownFileType = sourcecode.swift; path = "ChannelsView.swift"; sourceTree = "<group>"; };
		C5934DE7403A14BECDCFF77C /* PlayerController.swift */ = {isa = PBXFileReference; lastKnownFileType = sourcecode.swift; path = "PlayerController.swift"; sourceTree = "<group>"; };
		73C8ADFE2346B1A0D3F5775F /* RoutePickerButton.swift */ = {isa = PBXFileReference; lastKnownFileType = sourcecode.swift; path = "RoutePickerButton.swift"; sourceTree = "<group>"; };
		5C64A23E288422A723A95FB4 /* VideoSurface.swift */ = {isa = PBXFileReference; lastKnownFileType = sourcecode.swift; path = "VideoSurface.swift"; sourceTree = "<group>"; };
		73C3DD4E0CADD6D0E40DAF1A /* ApiFootballProvider.swift */ = {isa = PBXFileReference; lastKnownFileType = sourcecode.swift; path = "ApiFootballProvider.swift"; sourceTree = "<group>"; };
		6C7019B1ECF26D20A128C7BB /* Match.swift */ = {isa = PBXFileReference; lastKnownFileType = sourcecode.swift; path = "Match.swift"; sourceTree = "<group>"; };
		6AD85485638010C84F5039B0 /* MatchDetailView.swift */ = {isa = PBXFileReference; lastKnownFileType = sourcecode.swift; path = "MatchDetailView.swift"; sourceTree = "<group>"; };
		FE0AA8A927ED1330F0E70081 /* MatchRow.swift */ = {isa = PBXFileReference; lastKnownFileType = sourcecode.swift; path = "MatchRow.swift"; sourceTree = "<group>"; };
		9DFB5D71BF011E8355B794C8 /* MatchesProvider.swift */ = {isa = PBXFileReference; lastKnownFileType = sourcecode.swift; path = "MatchesProvider.swift"; sourceTree = "<group>"; };
		2F0ECCDA6E17123AA3AA7979 /* MatchesStore.swift */ = {isa = PBXFileReference; lastKnownFileType = sourcecode.swift; path = "MatchesStore.swift"; sourceTree = "<group>"; };
		174F43D684A1F326EA49A21D /* MatchesView.swift */ = {isa = PBXFileReference; lastKnownFileType = sourcecode.swift; path = "MatchesView.swift"; sourceTree = "<group>"; };
		704B3BD62CC74FF3F670807F /* NewsItem.swift */ = {isa = PBXFileReference; lastKnownFileType = sourcecode.swift; path = "NewsItem.swift"; sourceTree = "<group>"; };
		FEAB757C335BB4095E0DCEB4 /* NewsStore.swift */ = {isa = PBXFileReference; lastKnownFileType = sourcecode.swift; path = "NewsStore.swift"; sourceTree = "<group>"; };
		6A6A241E3A630B3E24E5B8D5 /* NewsView.swift */ = {isa = PBXFileReference; lastKnownFileType = sourcecode.swift; path = "NewsView.swift"; sourceTree = "<group>"; };
		B68A7FE91934A546401E882F /* OnboardingView.swift */ = {isa = PBXFileReference; lastKnownFileType = sourcecode.swift; path = "OnboardingView.swift"; sourceTree = "<group>"; };
		8FA6D28BB411E6D56C0FB808 /* SettingsView.swift */ = {isa = PBXFileReference; lastKnownFileType = sourcecode.swift; path = "SettingsView.swift"; sourceTree = "<group>"; };
		3F398CC93255B3FE0CB62110 /* UpdateChecker.swift */ = {isa = PBXFileReference; lastKnownFileType = sourcecode.swift; path = "UpdateChecker.swift"; sourceTree = "<group>"; };
		81366E528FFA180FA0D44044 /* Assets.xcassets */ = {isa = PBXFileReference; lastKnownFileType = folder.assetcatalog; path = "Assets.xcassets"; sourceTree = "<group>"; };
		BD35199A2C5E65212432F125 /* PrivacyInfo.xcprivacy */ = {isa = PBXFileReference; lastKnownFileType = text; path = "PrivacyInfo.xcprivacy"; sourceTree = "<group>"; };
		BBC53BC6689ED739F9330A38 /* ar-names.json */ = {isa = PBXFileReference; lastKnownFileType = text.json; path = "ar-names.json"; sourceTree = "<group>"; };
		F0B40583800F9756A75746FE /* channels.json */ = {isa = PBXFileReference; lastKnownFileType = text.json; path = "channels.json"; sourceTree = "<group>"; };
/* End PBXFileReference section */

/* Begin PBXFrameworksBuildPhase section */
		CF5BDB0BEAFE176F9629192A /* Frameworks */ = {
			isa = PBXFrameworksBuildPhase;
			buildActionMask = 2147483647;
			files = (
			);
			runOnlyForDeploymentPostprocessing = 0;
		};
/* End PBXFrameworksBuildPhase section */

/* Begin PBXGroup section */
		6ADB5AC461A719DCCB8ADA4E = {
			isa = PBXGroup;
			children = (
				68D0BFDF241D28E2F233B8AD /* KoraTime */,
				CE7ECAEBFF7EA9F45163FDE4 /* Products */,
			);
			sourceTree = "<group>";
		};
		CE7ECAEBFF7EA9F45163FDE4 /* Products */ = {
			isa = PBXGroup;
			children = (
				38A007151ABE87CC01A5B6E9 /* KoraTime.app */,
			);
			name = Products;
			sourceTree = "<group>";
		};
		419A405A0CBFB7FAAA4E9FBB /* App */ = {
			isa = PBXGroup;
			children = (
				71D16D33D76601EDF4888D80 /* AppRouter.swift */,
				8E6B4F450EF6B320AFF86509 /* KoraTimeApp.swift */,
				8FBCE4530857033813E833BB /* RootView.swift */,
			);
			path = App;
			sourceTree = "<group>";
		};
		A041A64902B07CE48BA2C52F /* Core */ = {
			isa = PBXGroup;
			children = (
				62C49EB32BCDCEBBBF16BA6F /* AppSettings.swift */,
				642BDADDC7EDFBDD72A4EB86 /* ArabicNames.swift */,
				8A9DB2B86C9CFEEF7E28DA7B /* Catalog.swift */,
				5CB63D193666445ABC79BF49 /* HTTPClient.swift */,
				88039E3104EC2E96D168B55B /* KTDate.swift */,
				0FA2EAEE99141237C160FF3A /* LiveData.swift */,
				BCF1392DBACA61A591A3112B /* Localization.swift */,
			);
			path = Core;
			sourceTree = "<group>";
		};
		98AD60BA98C345F8397A21B0 /* Design */ = {
			isa = PBXGroup;
			children = (
				FC7D459968F57A9DF340DDE5 /* Components.swift */,
				EB17ACBC9E32ED69D1946D7F /* RemoteImage.swift */,
				D11A17785FA071C134883B46 /* Theme.swift */,
			);
			path = Design;
			sourceTree = "<group>";
		};
		72650A9D3CA4BBF66F606991 /* Channels */ = {
			isa = PBXGroup;
			children = (
				E92E1E29BB60BC0949486073 /* Broadcasters.swift */,
				957B28B110AF0461D2F921B9 /* Channel.swift */,
				3CB320B9797D66E1AC6AA7B7 /* ChannelsStore.swift */,
				7939996D918B740052F73D78 /* ChannelsView.swift */,
				C5934DE7403A14BECDCFF77C /* PlayerController.swift */,
				73C8ADFE2346B1A0D3F5775F /* RoutePickerButton.swift */,
				5C64A23E288422A723A95FB4 /* VideoSurface.swift */,
			);
			path = Channels;
			sourceTree = "<group>";
		};
		900A6A62D630135708914591 /* Matches */ = {
			isa = PBXGroup;
			children = (
				73C3DD4E0CADD6D0E40DAF1A /* ApiFootballProvider.swift */,
				6C7019B1ECF26D20A128C7BB /* Match.swift */,
				6AD85485638010C84F5039B0 /* MatchDetailView.swift */,
				FE0AA8A927ED1330F0E70081 /* MatchRow.swift */,
				9DFB5D71BF011E8355B794C8 /* MatchesProvider.swift */,
				2F0ECCDA6E17123AA3AA7979 /* MatchesStore.swift */,
				174F43D684A1F326EA49A21D /* MatchesView.swift */,
			);
			path = Matches;
			sourceTree = "<group>";
		};
		38B233CBE4435DF46C14DBBD /* News */ = {
			isa = PBXGroup;
			children = (
				704B3BD62CC74FF3F670807F /* NewsItem.swift */,
				FEAB757C335BB4095E0DCEB4 /* NewsStore.swift */,
				6A6A241E3A630B3E24E5B8D5 /* NewsView.swift */,
			);
			path = News;
			sourceTree = "<group>";
		};
		5342F16EC4FF1A32C962B76E /* Onboarding */ = {
			isa = PBXGroup;
			children = (
				B68A7FE91934A546401E882F /* OnboardingView.swift */,
			);
			path = Onboarding;
			sourceTree = "<group>";
		};
		367C650065FADB2C574C4493 /* Settings */ = {
			isa = PBXGroup;
			children = (
				8FA6D28BB411E6D56C0FB808 /* SettingsView.swift */,
			);
			path = Settings;
			sourceTree = "<group>";
		};
		650E448A65DCF68C5C6F0DFC /* Update */ = {
			isa = PBXGroup;
			children = (
				3F398CC93255B3FE0CB62110 /* UpdateChecker.swift */,
			);
			path = Update;
			sourceTree = "<group>";
		};
		A440A23C9CBE9B4DF1D094EA /* Features */ = {
			isa = PBXGroup;
			children = (
				72650A9D3CA4BBF66F606991 /* Channels */,
				900A6A62D630135708914591 /* Matches */,
				38B233CBE4435DF46C14DBBD /* News */,
				5342F16EC4FF1A32C962B76E /* Onboarding */,
				367C650065FADB2C574C4493 /* Settings */,
				650E448A65DCF68C5C6F0DFC /* Update */,
			);
			path = Features;
			sourceTree = "<group>";
		};
		5842D46C61B0818840069BB2 /* Resources */ = {
			isa = PBXGroup;
			children = (
				81366E528FFA180FA0D44044 /* Assets.xcassets */,
				BD35199A2C5E65212432F125 /* PrivacyInfo.xcprivacy */,
				BBC53BC6689ED739F9330A38 /* ar-names.json */,
				F0B40583800F9756A75746FE /* channels.json */,
			);
			path = Resources;
			sourceTree = "<group>";
		};
		68D0BFDF241D28E2F233B8AD /* KoraTime */ = {
			isa = PBXGroup;
			children = (
				419A405A0CBFB7FAAA4E9FBB /* App */,
				A041A64902B07CE48BA2C52F /* Core */,
				98AD60BA98C345F8397A21B0 /* Design */,
				A440A23C9CBE9B4DF1D094EA /* Features */,
				5842D46C61B0818840069BB2 /* Resources */,
				667527481B98DAF719062C47 /* Info.plist */,
			);
			path = KoraTime;
			sourceTree = "<group>";
		};
/* End PBXGroup section */

/* Begin PBXNativeTarget section */
		0E8A3AD980EC179856012B7E /* KoraTime */ = {
			isa = PBXNativeTarget;
			buildConfigurationList = 7ADE71700E9404B10E13B577 /* Build configuration list for PBXNativeTarget "KoraTime" */;
			buildPhases = (
				1CDF2F71A52B082132B04DFF /* Sources */,
				CF5BDB0BEAFE176F9629192A /* Frameworks */,
				C02F1309AF4906C92F1EAD44 /* Resources */,
			);
			buildRules = (
			);
			dependencies = (
			);
			name = KoraTime;
			productName = KoraTime;
			productReference = 38A007151ABE87CC01A5B6E9 /* KoraTime.app */;
			productType = "com.apple.product-type.application";
		};
/* End PBXNativeTarget section */

/* Begin PBXProject section */
		98F54143AB4E86B28C3AFEE0 /* Project object */ = {
			isa = PBXProject;
			attributes = {
				BuildIndependentTargetsInParallel = 1;
				LastSwiftUpdateCheck = 1600;
				LastUpgradeCheck = 1600;
				TargetAttributes = {
					0E8A3AD980EC179856012B7E = {
						CreatedOnToolsVersion = 16.0;
					};
				};
			};
			buildConfigurationList = 12D04D787E90C9B967248BFD /* Build configuration list for PBXProject "KoraTime" */;
			compatibilityVersion = "Xcode 14.0";
			developmentRegion = ar;
			hasScannedForEncodings = 0;
			knownRegions = (
				ar,
				Base,
			);
			mainGroup = 6ADB5AC461A719DCCB8ADA4E;
			productRefGroup = CE7ECAEBFF7EA9F45163FDE4 /* Products */;
			projectDirPath = "";
			projectRoot = "";
			targets = (
				0E8A3AD980EC179856012B7E /* KoraTime */,
			);
		};
/* End PBXProject section */

/* Begin PBXResourcesBuildPhase section */
		C02F1309AF4906C92F1EAD44 /* Resources */ = {
			isa = PBXResourcesBuildPhase;
			buildActionMask = 2147483647;
			files = (
				DC5F9C25298464AAA4254664 /* Assets.xcassets in Resources */,
				D060BD9EBF4CF3D3B897707A /* PrivacyInfo.xcprivacy in Resources */,
				46D5BA66FE8BEDA053AABC08 /* ar-names.json in Resources */,
				AC7A447BBFDEA8DAD4534BED /* channels.json in Resources */,
			);
			runOnlyForDeploymentPostprocessing = 0;
		};
/* End PBXResourcesBuildPhase section */

/* Begin PBXSourcesBuildPhase section */
		1CDF2F71A52B082132B04DFF /* Sources */ = {
			isa = PBXSourcesBuildPhase;
			buildActionMask = 2147483647;
			files = (
				F1AEF2A8C1458F10B05F20FE /* AppRouter.swift in Sources */,
				85C37666E509CE50C8E6CADC /* KoraTimeApp.swift in Sources */,
				0296D6265A8D6DDF86F89B02 /* RootView.swift in Sources */,
				0FBAFA5AE3E2A1115C1B25FD /* AppSettings.swift in Sources */,
				F57038D2095AA056D351D2EA /* ArabicNames.swift in Sources */,
				B5D41A96EB346AE43DBFB77E /* Catalog.swift in Sources */,
				6535AC10855F96CBB2B0E65D /* HTTPClient.swift in Sources */,
				A3F9626F9C394D8BDA6C8D49 /* KTDate.swift in Sources */,
				A22618FF703A676B571553AB /* LiveData.swift in Sources */,
				51D716634B8916230784ED0D /* Localization.swift in Sources */,
				56BD43A517DC55A33C380195 /* Components.swift in Sources */,
				6E9633FB135EC21E30B5AAF3 /* RemoteImage.swift in Sources */,
				159945DF3FD0CA5DB1ECA6B4 /* Theme.swift in Sources */,
				C41F26656863D3A3272BA9C0 /* Broadcasters.swift in Sources */,
				79792C15C0CBF092AF1368C6 /* Channel.swift in Sources */,
				CC7B5CB4856069FB627D5649 /* ChannelsStore.swift in Sources */,
				1EC5D8B64BA8172275C7B349 /* ChannelsView.swift in Sources */,
				F5FDF4BD40804F1BF5CA2193 /* PlayerController.swift in Sources */,
				844C3FFBA251AFBEAAA26ACE /* RoutePickerButton.swift in Sources */,
				003C1CC074CE13900DCF7ED3 /* VideoSurface.swift in Sources */,
				943C7DA74C2D6C1B90326798 /* ApiFootballProvider.swift in Sources */,
				514B31F67EBA1A5EFD384BFA /* Match.swift in Sources */,
				C20ECCDE443DF27540855340 /* MatchDetailView.swift in Sources */,
				A90758EC42B1AF4D86B31C0E /* MatchRow.swift in Sources */,
				B2746566BFD0529E026851E0 /* MatchesProvider.swift in Sources */,
				14418EA9B0D8C8EB72587BB7 /* MatchesStore.swift in Sources */,
				C195401E644CFC0C9EB11105 /* MatchesView.swift in Sources */,
				B2B64BE2C737511A120B092E /* NewsItem.swift in Sources */,
				F124EDA1737A327B7D6142D7 /* NewsStore.swift in Sources */,
				D9DFDEC0967D163E6A1C34FD /* NewsView.swift in Sources */,
				FCA452D77917C1B88D7F2A8C /* OnboardingView.swift in Sources */,
				FA3AFBF372606BF3652E7D25 /* SettingsView.swift in Sources */,
				6E1ABFAFF0C284919F33CE5B /* UpdateChecker.swift in Sources */,
			);
			runOnlyForDeploymentPostprocessing = 0;
		};
/* End PBXSourcesBuildPhase section */

/* Begin XCBuildConfiguration section */
		73BFC4993D558C2844970A56 /* Debug */ = {
			isa = XCBuildConfiguration;
			buildSettings = {
				ALWAYS_SEARCH_USER_PATHS = NO;
				CLANG_ANALYZER_NONNULL = YES;
				CLANG_ANALYZER_NUMBER_OBJECT_CONVERSION = YES_AGGRESSIVE;
				CLANG_CXX_LANGUAGE_STANDARD = "gnu++20";
				CLANG_ENABLE_MODULES = YES;
				CLANG_ENABLE_OBJC_ARC = YES;
				CLANG_ENABLE_OBJC_WEAK = YES;
				CLANG_WARN_BLOCK_CAPTURE_AUTORELEASING = YES;
				CLANG_WARN_BOOL_CONVERSION = YES;
				CLANG_WARN_COMMA = YES;
				CLANG_WARN_CONSTANT_CONVERSION = YES;
				CLANG_WARN_DEPRECATED_OBJC_IMPLEMENTATIONS = YES;
				CLANG_WARN_DIRECT_OBJC_ISA_USAGE = YES_ERROR;
				CLANG_WARN_DOCUMENTATION_COMMENTS = YES;
				CLANG_WARN_EMPTY_BODY = YES;
				CLANG_WARN_ENUM_CONVERSION = YES;
				CLANG_WARN_INFINITE_RECURSION = YES;
				CLANG_WARN_INT_CONVERSION = YES;
				CLANG_WARN_NON_LITERAL_NULL_CONVERSION = YES;
				CLANG_WARN_OBJC_IMPLICIT_RETAIN_SELF = YES;
				CLANG_WARN_OBJC_LITERAL_CONVERSION = YES;
				CLANG_WARN_OBJC_ROOT_CLASS = YES_ERROR;
				CLANG_WARN_QUOTED_INCLUDE_IN_FRAMEWORK_HEADER = YES;
				CLANG_WARN_RANGE_LOOP_ANALYSIS = YES;
				CLANG_WARN_STRICT_PROTOTYPES = YES;
				CLANG_WARN_SUSPICIOUS_MOVE = YES;
				CLANG_WARN_UNGUARDED_AVAILABILITY = YES_AGGRESSIVE;
				CLANG_WARN_UNREACHABLE_CODE = YES;
				CLANG_WARN__DUPLICATE_METHOD_MATCH = YES;
				COPY_PHASE_STRIP = NO;
				DEBUG_INFORMATION_FORMAT = dwarf;
				ENABLE_STRICT_OBJC_MSGSEND = YES;
				ENABLE_TESTABILITY = YES;
				GCC_C_LANGUAGE_STANDARD = gnu17;
				GCC_DYNAMIC_NO_PIC = NO;
				GCC_NO_COMMON_BLOCKS = YES;
				GCC_OPTIMIZATION_LEVEL = 0;
				GCC_PREPROCESSOR_DEFINITIONS = (
					"DEBUG=1",
					"$(inherited)",
				);
				GCC_WARN_64_TO_32_BIT_CONVERSION = YES;
				GCC_WARN_ABOUT_RETURN_TYPE = YES_ERROR;
				GCC_WARN_UNDECLARED_SELECTOR = YES;
				GCC_WARN_UNINITIALIZED_AUTOS = YES_AGGRESSIVE;
				GCC_WARN_UNUSED_FUNCTION = YES;
				GCC_WARN_UNUSED_VARIABLE = YES;
				IPHONEOS_DEPLOYMENT_TARGET = 17.0;
				MTL_ENABLE_DEBUG_INFO = INCLUDE_SOURCE;
				MTL_FAST_MATH = YES;
				ONLY_ACTIVE_ARCH = YES;
				SDKROOT = iphoneos;
				SWIFT_ACTIVE_COMPILATION_CONDITIONS = "DEBUG $(inherited)";
				SWIFT_OPTIMIZATION_LEVEL = "-Onone";
			};
			name = Debug;
		};
		3C5BC6FE1E438E679FB7F74F /* Release */ = {
			isa = XCBuildConfiguration;
			buildSettings = {
				ALWAYS_SEARCH_USER_PATHS = NO;
				CLANG_ANALYZER_NONNULL = YES;
				CLANG_ANALYZER_NUMBER_OBJECT_CONVERSION = YES_AGGRESSIVE;
				CLANG_CXX_LANGUAGE_STANDARD = "gnu++20";
				CLANG_ENABLE_MODULES = YES;
				CLANG_ENABLE_OBJC_ARC = YES;
				CLANG_ENABLE_OBJC_WEAK = YES;
				CLANG_WARN_BLOCK_CAPTURE_AUTORELEASING = YES;
				CLANG_WARN_BOOL_CONVERSION = YES;
				CLANG_WARN_COMMA = YES;
				CLANG_WARN_CONSTANT_CONVERSION = YES;
				CLANG_WARN_DEPRECATED_OBJC_IMPLEMENTATIONS = YES;
				CLANG_WARN_DIRECT_OBJC_ISA_USAGE = YES_ERROR;
				CLANG_WARN_DOCUMENTATION_COMMENTS = YES;
				CLANG_WARN_EMPTY_BODY = YES;
				CLANG_WARN_ENUM_CONVERSION = YES;
				CLANG_WARN_INFINITE_RECURSION = YES;
				CLANG_WARN_INT_CONVERSION = YES;
				CLANG_WARN_NON_LITERAL_NULL_CONVERSION = YES;
				CLANG_WARN_OBJC_IMPLICIT_RETAIN_SELF = YES;
				CLANG_WARN_OBJC_LITERAL_CONVERSION = YES;
				CLANG_WARN_OBJC_ROOT_CLASS = YES_ERROR;
				CLANG_WARN_QUOTED_INCLUDE_IN_FRAMEWORK_HEADER = YES;
				CLANG_WARN_RANGE_LOOP_ANALYSIS = YES;
				CLANG_WARN_STRICT_PROTOTYPES = YES;
				CLANG_WARN_SUSPICIOUS_MOVE = YES;
				CLANG_WARN_UNGUARDED_AVAILABILITY = YES_AGGRESSIVE;
				CLANG_WARN_UNREACHABLE_CODE = YES;
				CLANG_WARN__DUPLICATE_METHOD_MATCH = YES;
				COPY_PHASE_STRIP = NO;
				DEBUG_INFORMATION_FORMAT = "dwarf-with-dsym";
				ENABLE_NS_ASSERTIONS = NO;
				ENABLE_STRICT_OBJC_MSGSEND = YES;
				GCC_C_LANGUAGE_STANDARD = gnu17;
				GCC_NO_COMMON_BLOCKS = YES;
				GCC_WARN_64_TO_32_BIT_CONVERSION = YES;
				GCC_WARN_ABOUT_RETURN_TYPE = YES_ERROR;
				GCC_WARN_UNDECLARED_SELECTOR = YES;
				GCC_WARN_UNINITIALIZED_AUTOS = YES_AGGRESSIVE;
				GCC_WARN_UNUSED_FUNCTION = YES;
				GCC_WARN_UNUSED_VARIABLE = YES;
				IPHONEOS_DEPLOYMENT_TARGET = 17.0;
				MTL_ENABLE_DEBUG_INFO = NO;
				MTL_FAST_MATH = YES;
				SDKROOT = iphoneos;
				SWIFT_COMPILATION_MODE = wholemodule;
				VALIDATE_PRODUCT = YES;
			};
			name = Release;
		};
		A45358D7F57D12409C956205 /* Debug */ = {
			isa = XCBuildConfiguration;
			buildSettings = {
				ASSETCATALOG_COMPILER_APPICON_NAME = AppIcon;
				ASSETCATALOG_COMPILER_GLOBAL_ACCENT_COLOR_NAME = AccentColor;
				CODE_SIGN_STYLE = Automatic;
				CURRENT_PROJECT_VERSION = 1;
				DEVELOPMENT_TEAM = "";
				ENABLE_PREVIEWS = YES;
				GENERATE_INFOPLIST_FILE = NO;
				INFOPLIST_FILE = KoraTime/Info.plist;
				LD_RUNPATH_SEARCH_PATHS = (
					"$(inherited)",
					"@executable_path/Frameworks",
				);
				MARKETING_VERSION = 1.0;
				PRODUCT_BUNDLE_IDENTIFIER = com.koratime.app;
				PRODUCT_NAME = "$(TARGET_NAME)";
				SWIFT_EMIT_LOC_STRINGS = YES;
				SWIFT_STRICT_CONCURRENCY = minimal;
				SWIFT_VERSION = 5.0;
				TARGETED_DEVICE_FAMILY = "1,2";
			};
			name = Debug;
		};
		7A3CC3E65B4BE81911CE6871 /* Release */ = {
			isa = XCBuildConfiguration;
			buildSettings = {
				ASSETCATALOG_COMPILER_APPICON_NAME = AppIcon;
				ASSETCATALOG_COMPILER_GLOBAL_ACCENT_COLOR_NAME = AccentColor;
				CODE_SIGN_STYLE = Automatic;
				CURRENT_PROJECT_VERSION = 1;
				DEVELOPMENT_TEAM = "";
				ENABLE_PREVIEWS = YES;
				GENERATE_INFOPLIST_FILE = NO;
				INFOPLIST_FILE = KoraTime/Info.plist;
				LD_RUNPATH_SEARCH_PATHS = (
					"$(inherited)",
					"@executable_path/Frameworks",
				);
				MARKETING_VERSION = 1.0;
				PRODUCT_BUNDLE_IDENTIFIER = com.koratime.app;
				PRODUCT_NAME = "$(TARGET_NAME)";
				SWIFT_EMIT_LOC_STRINGS = YES;
				SWIFT_STRICT_CONCURRENCY = minimal;
				SWIFT_VERSION = 5.0;
				TARGETED_DEVICE_FAMILY = "1,2";
			};
			name = Release;
		};
/* End XCBuildConfiguration section */

/* Begin XCConfigurationList section */
		12D04D787E90C9B967248BFD /* Build configuration list for PBXProject "KoraTime" */ = {
			isa = XCConfigurationList;
			buildConfigurations = (
				73BFC4993D558C2844970A56 /* Debug */,
				3C5BC6FE1E438E679FB7F74F /* Release */,
			);
			defaultConfigurationIsVisible = 0;
			defaultConfigurationName = Release;
		};
		7ADE71700E9404B10E13B577 /* Build configuration list for PBXNativeTarget "KoraTime" */ = {
			isa = XCConfigurationList;
			buildConfigurations = (
				A45358D7F57D12409C956205 /* Debug */,
				7A3CC3E65B4BE81911CE6871 /* Release */,
			);
			defaultConfigurationIsVisible = 0;
			defaultConfigurationName = Release;
		};
/* End XCConfigurationList section */
	};
	rootObject = 98F54143AB4E86B28C3AFEE0 /* Project object */;
}
